// !$*UTF8*$!
{
	archiveVersion = 1;
	classes = {
	};
	objectVersion = 46;
	objects = {

/* Begin PBXBuildFile section */
		CE8D4CE513E535DF0065C10F /* parserdef.cpp in Sources */ = {isa = PBXBuildFile; fileRef = CE8D4CE413E535DF0065C10F /* parserdef.cpp */; };
		CEC9D70B13E2EB67008E074B /* libxcodeutils.a in Frameworks */ = {isa = PBXBuildFile; fileRef = CEC9D70713E2EB50008E074B /* libxcodeutils.a */; };
		CEC9D71D13E2EF37008E074B /* xcdump.cpp in Sources */ = {isa = PBXBuildFile; fileRef = CEC9D71B13E2EF37008E074B /* xcdump.cpp */; };
		CEC9D72013E2F5B8008E074B /* xcodeproj.l in Sources */ = {isa = PBXBuildFile; fileRef = CEC9D71F13E2F5B8008E074B /* xcodeproj.l */; };
		CEC9D72213E2F5ED008E074B /* xcodeproj.y in Sources */ = {isa = PBXBuildFile; fileRef = CEC9D72113E2F5ED008E074B /* xcodeproj.y */; };
		CEC9D72513E301A6008E074B /* parserdef.h in Headers */ = {isa = PBXBuildFile; fileRef = CEC9D72413E301A6008E074B /* parserdef.h */; };
		CEDFE7D313E42247008FB42F /* case1.pbxproj in CopyFiles */ = {isa = PBXBuildFile; fileRef = CEDFE7CD13E421E5008FB42F /* case1.pbxproj */; };
		CEDFE7D413E42247008FB42F /* project.pbxproj in CopyFiles */ = {isa = PBXBuildFile; fileRef = CEDFE7CE13E421E5008FB42F /* project.pbxproj */; };
/* End PBXBuildFile section */

/* Begin PBXBuildRule section */
		CEC9D72313E3014F008E074B /* PBXBuildRule */ = {
			isa = PBXBuildRule;
			compilerSpec = com.apple.compilers.proxy.script;
			fileType = sourcecode.yacc;
			isEditable = 1;
			outputFiles = (
				"$(DERIVED_FILE_DIR)/$(INPUT_FILE_BASE).h",
				"$(DERIVED_FILE_DIR)/$(INPUT_FILE_BASE).cpp",
			);
			script = "cd ${DERIVED_FILE_DIR} && ${YACC} -d ${INPUT_FILE_PATH} -o ${INPUT_FILE_BASE}.cpp";
		};
/* End PBXBuildRule section */

/* Begin PBXCopyFilesBuildPhase section */
		CEC9D6EE13E2EA0B008E074B /* CopyFiles */ = {
			isa = PBXCopyFilesBuildPhase;
			buildActionMask = 8;
			dstPath = /usr/share/man/man1/;
			dstSubfolderSpec = 0;
			files = (
			);
			runOnlyForDeploymentPostprocessing = 1;
		};
		CEDFE7D213E4223C008FB42F /* CopyFiles */ = {
			isa = PBXCopyFilesBuildPhase;
			buildActionMask = 2147483647;
			dstPath = tests;
			dstSubfolderSpec = 16;
			files = (
				CEDFE7D313E42247008FB42F /* case1.pbxproj in CopyFiles */,
				CEDFE7D413E42247008FB42F /* project.pbxproj in CopyFiles */,
			);
			runOnlyForDeploymentPostprocessing = 0;
		};
/* End PBXCopyFilesBuildPhase section */

/* Begin PBXFileReference section */
		CE8D4CE413E535DF0065C10F /* parserdef.cpp */ = {isa = PBXFileReference; fileEncoding = 4; lastKnownFileType = sourcecode.cpp.cpp; path = parserdef.cpp; sourceTree = "<group>"; };
		CEC9D6F013E2EA0B008E074B /* xcdump */ = {isa = PBXFileReference; explicitFileType = "compiled.mach-o.executable"; includeInIndex = 0; path = xcdump; sourceTree = BUILT_PRODUCTS_DIR; };
		CEC9D70713E2EB50008E074B /* libxcodeutils.a */ = {isa = PBXFileReference; explicitFileType = archive.ar; includeInIndex = 0; path = libxcodeutils.a; sourceTree = BUILT_PRODUCTS_DIR; };
		CEC9D71B13E2EF37008E074B /* xcdump.cpp */ = {isa = PBXFileReference; fileEncoding = 4; lastKnownFileType = sourcecode.cpp.cpp; name = xcdump.cpp; path = xcdump/xcdump.cpp; sourceTree = SOURCE_ROOT; };
		CEC9D71C13E2EF37008E074B /* xcdump.1 */ = {isa = PBXFileReference; fileEncoding = 4; lastKnownFileType = text.man; name = xcdump.1; path = xcdump/xcdump.1; sourceTree = SOURCE_ROOT; };
		CEC9D71F13E2F5B8008E074B /* xcodeproj.l */ = {isa = PBXFileReference; fileEncoding = 4; lastKnownFileType = sourcecode.lex; path = xcodeproj.l; sourceTree = "<group>"; };
		CEC9D72113E2F5ED008E074B /* xcodeproj.y */ = {isa = PBXFileReference; fileEncoding = 4; lastKnownFileType = sourcecode.yacc; path = xcodeproj.y; sourceTree = "<group>"; };
		CEC9D72413E301A6008E074B /* parserdef.h */ = {isa = PBXFileReference; fileEncoding = 4; lastKnownFileType = sourcecode.c.h; path = parserdef.h; sourceTree = "<group>"; };
		CEDFE7CD13E421E5008FB42F /* case1.pbxproj */ = {isa = PBXFileReference; fileEncoding = 4; lastKnownFileType = text.pbxproject; path = case1.pbxproj; sourceTree = "<group>"; };
		CEDFE7CE13E421E5008FB42F /* project.pbxproj */ = {isa = PBXFileReference; fileEncoding = 4; lastKnownFileType = text.pbxproject; path = project.pbxproj; sourceTree = "<group>"; };
/* End PBXFileReference section */

/* Begin PBXFrameworksBuildPhase section */
		CEC9D6ED13E2EA0B008E074B /* Frameworks */ = {
			isa = PBXFrameworksBuildPhase;
			buildActionMask = 2147483647;
			files = (
				CEC9D70B13E2EB67008E074B /* libxcodeutils.a in Frameworks */,
			);
			runOnlyForDeploymentPostprocessing = 0;
		};
		CEC9D70413E2EB50008E074B /* Frameworks */ = {
			isa = PBXFrameworksBuildPhase;
			buildActionMask = 2147483647;
			files = (
			);
			runOnlyForDeploymentPostprocessing = 0;
		};
/* End PBXFrameworksBuildPhase section */

/* Begin PBXGroup section */
		CEC9D6E513E2EA0B008E074B = {
			isa = PBXGroup;
			children = (
				CEDFE7CC13E421E5008FB42F /* tests */,
				CEC9D70213E2EA49008E074B /* libxcodeutils */,
				CEC9D6F313E2EA0B008E074B /* xcdump */,
				CEC9D6F113E2EA0B008E074B /* Products */,
			);
			sourceTree = "<group>";
		};
		CEC9D6F113E2EA0B008E074B /* Products */ = {
			isa = PBXGroup;
			children = (
				CEC9D6F013E2EA0B008E074B /* xcdump */,
				CEC9D70713E2EB50008E074B /* libxcodeutils.a */,
			);
			name = Products;
			sourceTree = "<group>";
		};
		CEC9D6F313E2EA0B008E074B /* xcdump */ = {
			isa = PBXGroup;
			children = (
				CEC9D71B13E2EF37008E074B /* xcdump.cpp */,
				CEC9D71C13E2EF37008E074B /* xcdump.1 */,
			);
			name = xcdump;
			path = xcodeutils;
			sourceTree = "<group>";
		};
		CEC9D70213E2EA49008E074B /* libxcodeutils */ = {
			isa = PBXGroup;
			children = (
				CEC9D71F13E2F5B8008E074B /* xcodeproj.l */,
				CEC9D72113E2F5ED008E074B /* xcodeproj.y */,
				CEC9D72413E301A6008E074B /* parserdef.h */,
				CE8D4CE413E535DF0065C10F /* parserdef.cpp */,
			);
			name = libxcodeutils;
			sourceTree = "<group>";
		};
		CEDFE7CC13E421E5008FB42F /* tests */ = {
			isa = PBXGroup;
			children = (
				CEDFE7CD13E421E5008FB42F /* case1.pbxproj */,
				CEDFE7CE13E421E5008FB42F /* project.pbxproj */,
			);
			path = tests;
			sourceTree = "<group>";
		};
/* End PBXGroup section */

/* Begin PBXHeadersBuildPhase section */
		CEC9D70513E2EB50008E074B /* Headers */ = {
			isa = PBXHeadersBuildPhase;
			buildActionMask = 2147483647;
			files = (
				CEC9D72513E301A6008E074B /* parserdef.h in Headers */,
			);
			runOnlyForDeploymentPostprocessing = 0;
		};
/* End PBXHeadersBuildPhase section */

/* Begin PBXNativeTarget section */
		CEC9D6EF13E2EA0B008E074B /* xcdump */ = {
			isa = PBXNativeTarget;
			buildConfigurationList = CEC9D6FA13E2EA0B008E074B /* Build configuration list for PBXNativeTarget "xcdump" */;
			buildPhases = (
				CEC9D6EC13E2EA0B008E074B /* Sources */,
				CEC9D6ED13E2EA0B008E074B /* Frameworks */,
				CEC9D6EE13E2EA0B008E074B /* CopyFiles */,
				CEDFE7D213E4223C008FB42F /* CopyFiles */,
			);
			buildRules = (
			);
			dependencies = (
			);
			name = xcdump;
			productName = xcodeutils;
			productReference = CEC9D6F013E2EA0B008E074B /* xcdump */;
			productType = "com.apple.product-type.tool";
		};
		CEC9D70613E2EB50008E074B /* xcodeutils */ = {
			isa = PBXNativeTarget;
			buildConfigurationList = CEC9D70813E2EB50008E074B /* Build configuration list for PBXNativeTarget "xcodeutils" */;
			buildPhases = (
				CEC9D70313E2EB50008E074B /* Sources */,
				CEC9D70413E2EB50008E074B /* Frameworks */,
				CEC9D70513E2EB50008E074B /* Headers */,
			);
			buildRules = (
				CEC9D72313E3014F008E074B /* PBXBuildRule */,
			);
			dependencies = (
			);
			name = xcodeutils;
			productName = xcodeutils;
			productReference = CEC9D70713E2EB50008E074B /* libxcodeutils.a */;
			productType = "com.apple.product-type.library.static";
		};
/* End PBXNativeTarget section */

/* Begin PBXProject section */
		CEC9D6E713E2EA0B008E074B /* Project object */ = {
			isa = PBXProject;
			attributes = {
				ORGANIZATIONNAME = HOME;
			};
			buildConfigurationList = CEC9D6EA13E2EA0B008E074B /* Build configuration list for PBXProject "xcodeutils" */;
			compatibilityVersion = "Xcode 3.2";
			developmentRegion = English;
			hasScannedForEncodings = 0;
			knownRegions = (
				en,
			);
			mainGroup = CEC9D6E513E2EA0B008E074B;
			productRefGroup = CEC9D6F113E2EA0B008E074B /* Products */;
			projectDirPath = "";
			projectRoot = "";
			targets = (
				CEC9D70613E2EB50008E074B /* xcodeutils */,
				CEC9D6EF13E2EA0B008E074B /* xcdump */,
			);
		};
/* End PBXProject section */

/* Begin PBXSourcesBuildPhase section */
		CEC9D6EC13E2EA0B008E074B /* Sources */ = {
			isa = PBXSourcesBuildPhase;
			buildActionMask = 2147483647;
			files = (
				CEC9D71D13E2EF37008E074B /* xcdump.cpp in Sources */,
			);
			runOnlyForDeploymentPostprocessing = 0;
		};
		CEC9D70313E2EB50008E074B /* Sources */ = {
			isa = PBXSourcesBuildPhase;
			buildActionMask = 2147483647;
			files = (
				CEC9D72013E2F5B8008E074B /* xcodeproj.l in Sources */,
				CEC9D72213E2F5ED008E074B /* xcodeproj.y in Sources */,
				CE8D4CE513E535DF0065C10F /* parserdef.cpp in Sources */,
			);
			runOnlyForDeploymentPostprocessing = 0;
		};
/* End PBXSourcesBuildPhase section */

/* Begin XCBuildConfiguration section */
		CEC9D6F813E2EA0B008E074B /* Debug */ = {
			isa = XCBuildConfiguration;
			buildSettings = {
				ALWAYS_SEARCH_USER_PATHS = NO;
				ARCHS = "$(ARCHS_STANDARD_64_BIT)";
				COPY_PHASE_STRIP = NO;
				GCC_C_LANGUAGE_STANDARD = gnu99;
				GCC_DYNAMIC_NO_PIC = NO;
				GCC_ENABLE_OBJC_EXCEPTIONS = YES;
				GCC_OPTIMIZATION_LEVEL = 0;
				GCC_PREPROCESSOR_DEFINITIONS = (
					"DEBUG=1",
					"$(inherited)",
				);
				GCC_SYMBOLS_PRIVATE_EXTERN = NO;
				GCC_VERSION = com.apple.compilers.llvm.clang.1_0;
				GCC_WARN_64_TO_32_BIT_CONVERSION = YES;
				GCC_WARN_ABOUT_MISSING_PROTOTYPES = YES;
				GCC_WARN_ABOUT_RETURN_TYPE = YES;
				GCC_WARN_UNUSED_VARIABLE = YES;
				MACOSX_DEPLOYMENT_TARGET = 10.7;
				ONLY_ACTIVE_ARCH = YES;
				SDKROOT = macosx;
			};
			name = Debug;
		};
		CEC9D6F913E2EA0B008E074B /* Release */ = {
			isa = XCBuildConfiguration;
			buildSettings = {
				ALWAYS_SEARCH_USER_PATHS = NO;
				ARCHS = "$(ARCHS_STANDARD_64_BIT)";
				COPY_PHASE_STRIP = YES;
				DEBUG_INFORMATION_FORMAT = "dwarf-with-dsym";
				GCC_C_LANGUAGE_STANDARD = gnu99;
				GCC_ENABLE_OBJC_EXCEPTIONS = YES;
				GCC_VERSION = com.apple.compilers.llvm.clang.1_0;
				GCC_WARN_64_TO_32_BIT_CONVERSION = YES;
				GCC_WARN_ABOUT_MISSING_PROTOTYPES = YES;
				GCC_WARN_ABOUT_RETURN_TYPE = YES;
				GCC_WARN_UNUSED_VARIABLE = YES;
				MACOSX_DEPLOYMENT_TARGET = 10.7;
				SDKROOT = macosx;
			};
			name = Release;
		};
		CEC9D6FB13E2EA0B008E074B /* Debug */ = {
			isa = XCBuildConfiguration;
			buildSettings = {
				PRODUCT_NAME = "$(TARGET_NAME)";
			};
			name = Debug;
		};
		CEC9D6FC13E2EA0B008E074B /* Release */ = {
			isa = XCBuildConfiguration;
			buildSettings = {
				PRODUCT_NAME = "$(TARGET_NAME)";
			};
			name = Release;
		};
		CEC9D70913E2EB50008E074B /* Debug */ = {
			isa = XCBuildConfiguration;
			buildSettings = {
				EXECUTABLE_PREFIX = lib;
				PRODUCT_NAME = "$(TARGET_NAME)";
			};
			name = Debug;
		};
		CEC9D70A13E2EB50008E074B /* Release */ = {
			isa = XCBuildConfiguration;
			buildSettings = {
				EXECUTABLE_PREFIX = lib;
				PRODUCT_NAME = "$(TARGET_NAME)";
			};
			name = Release;
		};
/* End XCBuildConfiguration section */

/* Begin XCConfigurationList section */
		CEC9D6EA13E2EA0B008E074B /* Build configuration list for PBXProject "xcodeutils" */ = {
			isa = XCConfigurationList;
			buildConfigurations = (
				CEC9D6F813E2EA0B008E074B /* Debug */,
				CEC9D6F913E2EA0B008E074B /* Release */,
			);
			defaultConfigurationIsVisible = 0;
			defaultConfigurationName = Release;
		};
		CEC9D6FA13E2EA0B008E074B /* Build configuration list for PBXNativeTarget "xcdump" */ = {
			isa = XCConfigurationList;
			buildConfigurations = (
				CEC9D6FB13E2EA0B008E074B /* Debug */,
				CEC9D6FC13E2EA0B008E074B /* Release */,
			);
			defaultConfigurationIsVisible = 0;
			defaultConfigurationName = Release;
		};
		CEC9D70813E2EB50008E074B /* Build configuration list for PBXNativeTarget "xcodeutils" */ = {
			isa = XCConfigurationList;
			buildConfigurations = (
				CEC9D70913E2EB50008E074B /* Debug */,
				CEC9D70A13E2EB50008E074B /* Release */,
			);
			defaultConfigurationIsVisible = 0;
			defaultConfigurationName = Release;
		};
/* End XCConfigurationList section */
	};
	rootObject = CEC9D6E713E2EA0B008E074B /* Project object */;
}
