// !$*UTF8*$!
{
	archiveVersion = 1;
	classes = {
	};
	objectVersion = 45;
	objects = {

/* Begin PBXBuildFile section */
		32AF0067126C20690040BD31 /* libWinAPI.dylib in Frameworks */ = {isa = PBXBuildFile; fileRef = 32AF0062126C205A0040BD31 /* libWinAPI.dylib */; };
		8B5C157A0F1B103300A65CDC /* AdImaging.cpp in Sources */ = {isa = PBXBuildFile; fileRef = 8B5C15700F1B103300A65CDC /* AdImaging.cpp */; };
		8B5C157C0F1B103300A65CDC /* AdImagingRegistryInfo.cpp in Sources */ = {isa = PBXBuildFile; fileRef = 8B5C15720F1B103300A65CDC /* AdImagingRegistryInfo.cpp */; };
		8B5C15C60F1B159D00A65CDC /* stdafx.cpp in Sources */ = {isa = PBXBuildFile; fileRef = 8B5C15C40F1B159D00A65CDC /* stdafx.cpp */; };
		B91C910710328FA000E9C798 /* CoreFoundation.framework in Frameworks */ = {isa = PBXBuildFile; fileRef = B91C910610328FA000E9C798 /* CoreFoundation.framework */; };
/* End PBXBuildFile section */

/* Begin PBXContainerItemProxy section */
		32AF005F126C205A0040BD31 /* PBXContainerItemProxy */ = {
			isa = PBXContainerItemProxy;
			containerPortal = 32AF0058126C205A0040BD31 /* WinAPI.xcodeproj */;
			proxyType = 2;
			remoteGlobalIDString = C268DD300ED1145E0087AE69;
			remoteInfo = WinStubsTest;
		};
		32AF0061126C205A0040BD31 /* PBXContainerItemProxy */ = {
			isa = PBXContainerItemProxy;
			containerPortal = 32AF0058126C205A0040BD31 /* WinAPI.xcodeproj */;
			proxyType = 2;
			remoteGlobalIDString = C2D31D5E0F48FBA300DB817A;
			remoteInfo = "WinAPI-64";
		};
		32AF0063126C205A0040BD31 /* PBXContainerItemProxy */ = {
			isa = PBXContainerItemProxy;
			containerPortal = 32AF0058126C205A0040BD31 /* WinAPI.xcodeproj */;
			proxyType = 2;
			remoteGlobalIDString = 8BA416D110B1362A000E8635;
			remoteInfo = "WinAPI-Staticlib";
		};
		32AF0065126C205A0040BD31 /* PBXContainerItemProxy */ = {
			isa = PBXContainerItemProxy;
			containerPortal = 32AF0058126C205A0040BD31 /* WinAPI.xcodeproj */;
			proxyType = 2;
			remoteGlobalIDString = C2CDBE4E10E0B07600E6E1AE;
			remoteInfo = gdbhelper;
		};
/* End PBXContainerItemProxy section */

/* Begin PBXFileReference section */
		218376711268587500329A66 /* DebugLeopardOrLater64bits.xcconfig */ = {isa = PBXFileReference; fileEncoding = 4; lastKnownFileType = text.xcconfig; name = DebugLeopardOrLater64bits.xcconfig; path = ../../../../../../Platform/OSX/xconfigs/DebugLeopardOrLater64bits.xcconfig; sourceTree = SOURCE_ROOT; };
		218376721268587500329A66 /* ReleaseLeopardOrLater64bits.xcconfig */ = {isa = PBXFileReference; fileEncoding = 4; lastKnownFileType = text.xcconfig; name = ReleaseLeopardOrLater64bits.xcconfig; path = ../../../../../../Platform/OSX/xconfigs/ReleaseLeopardOrLater64bits.xcconfig; sourceTree = SOURCE_ROOT; };
		32AF0058126C205A0040BD31 /* WinAPI.xcodeproj */ = {isa = PBXFileReference; lastKnownFileType = "wrapper.pb-project"; name = WinAPI.xcodeproj; path = ../../../../../../Platform/WinStubs/WinAPI/WinAPI.xcodeproj; sourceTree = SOURCE_ROOT; };
		32BAE0B70371A74B00C91783 /* AdImaging_Prefix.pch */ = {isa = PBXFileReference; fileEncoding = 4; lastKnownFileType = sourcecode.c.h; path = AdImaging_Prefix.pch; sourceTree = "<group>"; };
		8B5C15700F1B103300A65CDC /* AdImaging.cpp */ = {isa = PBXFileReference; fileEncoding = 4; lastKnownFileType = sourcecode.cpp.cpp; name = AdImaging.cpp; path = ../../AdImaging/AdImaging.cpp; sourceTree = SOURCE_ROOT; };
		8B5C15710F1B103300A65CDC /* AdImaging.h */ = {isa = PBXFileReference; fileEncoding = 4; lastKnownFileType = sourcecode.c.h; name = AdImaging.h; path = ../../AdImaging/AdImaging.h; sourceTree = SOURCE_ROOT; };
		8B5C15720F1B103300A65CDC /* AdImagingRegistryInfo.cpp */ = {isa = PBXFileReference; fileEncoding = 4; lastKnownFileType = sourcecode.cpp.cpp; name = AdImagingRegistryInfo.cpp; path = ../../AdImaging/AdImagingRegistryInfo.cpp; sourceTree = SOURCE_ROOT; };
		8B5C15730F1B103300A65CDC /* AdImagingRegistryInfo.h */ = {isa = PBXFileReference; fileEncoding = 4; lastKnownFileType = sourcecode.c.h; name = AdImagingRegistryInfo.h; path = ../../AdImaging/AdImagingRegistryInfo.h; sourceTree = SOURCE_ROOT; };
		8B5C15760F1B103300A65CDC /* dnt.h */ = {isa = PBXFileReference; fileEncoding = 4; lastKnownFileType = sourcecode.c.h; name = dnt.h; path = ../../AdImaging/dnt.h; sourceTree = SOURCE_ROOT; };
		8B5C15770F1B103300A65CDC /* resource.h */ = {isa = PBXFileReference; fileEncoding = 4; lastKnownFileType = sourcecode.c.h; name = resource.h; path = ../../AdImaging/resource.h; sourceTree = SOURCE_ROOT; };
		8B5C15C40F1B159D00A65CDC /* stdafx.cpp */ = {isa = PBXFileReference; fileEncoding = 4; lastKnownFileType = sourcecode.cpp.cpp; name = stdafx.cpp; path = ../../AdImaging/stdafx.cpp; sourceTree = SOURCE_ROOT; };
		8B5C15C50F1B159D00A65CDC /* stdafx.h */ = {isa = PBXFileReference; fileEncoding = 4; lastKnownFileType = sourcecode.c.h; name = stdafx.h; path = ../../AdImaging/stdafx.h; sourceTree = SOURCE_ROOT; };
		B91C910610328FA000E9C798 /* CoreFoundation.framework */ = {isa = PBXFileReference; lastKnownFileType = wrapper.framework; name = CoreFoundation.framework; path = /System/Library/Frameworks/CoreFoundation.framework; sourceTree = "<absolute>"; };
		B91C959A1032BECE00E9C798 /* AdImaging.exports */ = {isa = PBXFileReference; fileEncoding = 4; lastKnownFileType = text; path = AdImaging.exports; sourceTree = "<group>"; };
		D2AAC09D05546B4700DB518D /* libAdImaging.dylib */ = {isa = PBXFileReference; explicitFileType = "compiled.mach-o.dylib"; includeInIndex = 0; path = libAdImaging.dylib; sourceTree = BUILT_PRODUCTS_DIR; };
		FC5841410F81B11000816D2B /* AdImaging.xcconfig */ = {isa = PBXFileReference; fileEncoding = 4; lastKnownFileType = text.xcconfig; path = AdImaging.xcconfig; sourceTree = "<group>"; };
/* End PBXFileReference section */

/* Begin PBXFrameworksBuildPhase section */
		D2AAC09B05546B4700DB518D /* Frameworks */ = {
			isa = PBXFrameworksBuildPhase;
			buildActionMask = 2147483647;
			files = (
				32AF0067126C20690040BD31 /* libWinAPI.dylib in Frameworks */,
				B91C910710328FA000E9C798 /* CoreFoundation.framework in Frameworks */,
			);
			runOnlyForDeploymentPostprocessing = 0;
		};
/* End PBXFrameworksBuildPhase section */

/* Begin PBXGroup section */
		034768DDFF38A45A11DB9C8B /* Products */ = {
			isa = PBXGroup;
			children = (
				D2AAC09D05546B4700DB518D /* libAdImaging.dylib */,
			);
			name = Products;
			sourceTree = "<group>";
		};
		0867D691FE84028FC02AAC07 /* AdImaging */ = {
			isa = PBXGroup;
			children = (
				8B5C158D0F1B11A200A65CDC /* Inc */,
				5073E0CA09E734BC00EC74B6 /* Configuration Files */,
				08FB77ACFE841707C02AAC07 /* Source */,
				0867D69AFE84028FC02AAC07 /* External Frameworks and Libraries */,
				034768DDFF38A45A11DB9C8B /* Products */,
			);
			name = AdImaging;
			sourceTree = "<group>";
		};
		0867D69AFE84028FC02AAC07 /* External Frameworks and Libraries */ = {
			isa = PBXGroup;
			children = (
				32AF0058126C205A0040BD31 /* WinAPI.xcodeproj */,
				B91C910610328FA000E9C798 /* CoreFoundation.framework */,
			);
			name = "External Frameworks and Libraries";
			sourceTree = "<group>";
		};
		08FB77ACFE841707C02AAC07 /* Source */ = {
			isa = PBXGroup;
			children = (
				8B5C15C40F1B159D00A65CDC /* stdafx.cpp */,
				8B5C15720F1B103300A65CDC /* AdImagingRegistryInfo.cpp */,
				8B5C15700F1B103300A65CDC /* AdImaging.cpp */,
				32BAE0B70371A74B00C91783 /* AdImaging_Prefix.pch */,
				B91C959A1032BECE00E9C798 /* AdImaging.exports */,
			);
			name = Source;
			sourceTree = "<group>";
		};
		32AF0059126C205A0040BD31 /* Products */ = {
			isa = PBXGroup;
			children = (
				32AF0060126C205A0040BD31 /* WinAPITest.cptest */,
				32AF0062126C205A0040BD31 /* libWinAPI.dylib */,
				32AF0064126C205A0040BD31 /* libSWinAPI.a */,
				32AF0066126C205A0040BD31 /* gdbhelper.dylib */,
			);
			name = Products;
			sourceTree = "<group>";
		};
		5073E0CA09E734BC00EC74B6 /* Configuration Files */ = {
			isa = PBXGroup;
			children = (
				218376711268587500329A66 /* DebugLeopardOrLater64bits.xcconfig */,
				218376721268587500329A66 /* ReleaseLeopardOrLater64bits.xcconfig */,
				FC5841410F81B11000816D2B /* AdImaging.xcconfig */,
			);
			name = "Configuration Files";
			sourceTree = "<group>";
		};
		8B5C158D0F1B11A200A65CDC /* Inc */ = {
			isa = PBXGroup;
			children = (
				8B5C15C50F1B159D00A65CDC /* stdafx.h */,
				8B5C15710F1B103300A65CDC /* AdImaging.h */,
				8B5C15730F1B103300A65CDC /* AdImagingRegistryInfo.h */,
				8B5C15760F1B103300A65CDC /* dnt.h */,
				8B5C15770F1B103300A65CDC /* resource.h */,
			);
			name = Inc;
			sourceTree = "<group>";
		};
/* End PBXGroup section */

/* Begin PBXNativeTarget section */
		D2AAC09C05546B4700DB518D /* AdImaging_x64 */ = {
			isa = PBXNativeTarget;
			buildConfigurationList = 1DEB916008733D950010E9CD /* Build configuration list for PBXNativeTarget "AdImaging_x64" */;
			buildPhases = (
				B91C935B1032AF0400E9C798 /* ShellScript */,
				D2AAC09B05546B4700DB518D /* Frameworks */,
				D2AAC09A05546B4700DB518D /* Sources */,
			);
			buildRules = (
			);
			dependencies = (
			);
			name = AdImaging_x64;
			productName = libAdImaging;
			productReference = D2AAC09D05546B4700DB518D /* libAdImaging.dylib */;
			productType = "com.apple.product-type.library.dynamic";
		};
/* End PBXNativeTarget section */

/* Begin PBXProject section */
		0867D690FE84028FC02AAC07 /* Project object */ = {
			isa = PBXProject;
			buildConfigurationList = 1DEB916408733D950010E9CD /* Build configuration list for PBXProject "AdImaging" */;
			compatibilityVersion = "Xcode 3.1";
			hasScannedForEncodings = 1;
			mainGroup = 0867D691FE84028FC02AAC07 /* AdImaging */;
			productRefGroup = 034768DDFF38A45A11DB9C8B /* Products */;
			projectDirPath = "";
			projectReferences = (
				{
					ProductGroup = 32AF0059126C205A0040BD31 /* Products */;
					ProjectRef = 32AF0058126C205A0040BD31 /* WinAPI.xcodeproj */;
				},
			);
			projectRoot = "";
			targets = (
				D2AAC09C05546B4700DB518D /* AdImaging_x64 */,
			);
		};
/* End PBXProject section */

/* Begin PBXReferenceProxy section */
		32AF0060126C205A0040BD31 /* WinAPITest.cptest */ = {
			isa = PBXReferenceProxy;
			fileType = wrapper.cfbundle;
			path = WinAPITest.cptest;
			remoteRef = 32AF005F126C205A0040BD31 /* PBXContainerItemProxy */;
			sourceTree = BUILT_PRODUCTS_DIR;
		};
		32AF0062126C205A0040BD31 /* libWinAPI.dylib */ = {
			isa = PBXReferenceProxy;
			fileType = "compiled.mach-o.dylib";
			path = libWinAPI.dylib;
			remoteRef = 32AF0061126C205A0040BD31 /* PBXContainerItemProxy */;
			sourceTree = BUILT_PRODUCTS_DIR;
		};
		32AF0064126C205A0040BD31 /* libSWinAPI.a */ = {
			isa = PBXReferenceProxy;
			fileType = archive.ar;
			path = libSWinAPI.a;
			remoteRef = 32AF0063126C205A0040BD31 /* PBXContainerItemProxy */;
			sourceTree = BUILT_PRODUCTS_DIR;
		};
		32AF0066126C205A0040BD31 /* gdbhelper.dylib */ = {
			isa = PBXReferenceProxy;
			fileType = "compiled.mach-o.dylib";
			path = gdbhelper.dylib;
			remoteRef = 32AF0065126C205A0040BD31 /* PBXContainerItemProxy */;
			sourceTree = BUILT_PRODUCTS_DIR;
		};
/* End PBXReferenceProxy section */

/* Begin PBXShellScriptBuildPhase section */
		B91C935B1032AF0400E9C798 /* ShellScript */ = {
			isa = PBXShellScriptBuildPhase;
			buildActionMask = 2147483647;
			files = (
			);
			inputPaths = (
			);
			outputPaths = (
			);
			runOnlyForDeploymentPostprocessing = 0;
			shellPath = /bin/sh;
			shellScript = "export_symbols()\n{\n    nm $1.a | grep \" T \" | awk '\" T \" { print $3 }' | sed '/^$/d' > $1.exports\n    nm $1.a | grep \" S \" | awk '\" S \" { print $3 }' | sed '/^$/d' >> $1.exports\n    nm $1.a | grep \" D \" | awk '\" D \" { print $3 }' | sed '/^$/d' >> $1.exports\n}\n\nclean_export()\n{\n\tif [ -a $1.exports ]; then\n\t\trm $1.exports\n\tfi\n}\n\nEXPORT_FILE=AdImaging_$CONFIGURATION.exports\n\nexport ATILLIB=''\n\nif [ $CONFIGURATION = Debug ] \nthen\n\tATILLIB=$ATILLIB_DEBUG64\n\t\nelse\n\tATILLIB=$ATILLIB_RELEASE64\nfi\n\ncd $ATILLIB\n\nclean_export libAtil\nclean_export libAtilFilters\nclean_export libAtilFormats\nclean_export libAtilImpMacMT\nclean_export libInternalFilters\n\n \nexport_symbols libAtil\nexport_symbols libAtilFilters\nexport_symbols libAtilFormats\nexport_symbols libAtilImpMacMT\nexport_symbols libInternalFilters\n\ncat *.exports > ../../../AdImaging/$EXPORT_FILE\n\n\n#add exported symbols for AdImaging itself\ncd ../../../AdImaging/\ncat AdImaging.exports >> $EXPORT_FILE\n\n#link static libs to $GBIN64/$CONFIGURATION\nfor file in `ls $ATILLIB/*.a`\ndo \necho \"$file -> $GBIN64/$CONFIGURATION\"\nln -fs $file $GBIN64/$CONFIGURATION\ndone\n\n";
		};
/* End PBXShellScriptBuildPhase section */

/* Begin PBXSourcesBuildPhase section */
		D2AAC09A05546B4700DB518D /* Sources */ = {
			isa = PBXSourcesBuildPhase;
			buildActionMask = 2147483647;
			files = (
				8B5C157C0F1B103300A65CDC /* AdImagingRegistryInfo.cpp in Sources */,
				8B5C15C60F1B159D00A65CDC /* stdafx.cpp in Sources */,
				8B5C157A0F1B103300A65CDC /* AdImaging.cpp in Sources */,
			);
			runOnlyForDeploymentPostprocessing = 0;
		};
/* End PBXSourcesBuildPhase section */

/* Begin XCBuildConfiguration section */
		1DEB916108733D950010E9CD /* Debug */ = {
			isa = XCBuildConfiguration;
			baseConfigurationReference = FC5841410F81B11000816D2B /* AdImaging.xcconfig */;
			buildSettings = {
			};
			name = Debug;
		};
		1DEB916208733D950010E9CD /* Release */ = {
			isa = XCBuildConfiguration;
			baseConfigurationReference = FC5841410F81B11000816D2B /* AdImaging.xcconfig */;
			buildSettings = {
			};
			name = Release;
		};
		1DEB916508733D950010E9CD /* Debug */ = {
			isa = XCBuildConfiguration;
			baseConfigurationReference = 218376711268587500329A66 /* DebugLeopardOrLater64bits.xcconfig */;
			buildSettings = {
			};
			name = Debug;
		};
		1DEB916608733D950010E9CD /* Release */ = {
			isa = XCBuildConfiguration;
			baseConfigurationReference = 218376721268587500329A66 /* ReleaseLeopardOrLater64bits.xcconfig */;
			buildSettings = {
			};
			name = Release;
		};
/* End XCBuildConfiguration section */

/* Begin XCConfigurationList section */
		1DEB916008733D950010E9CD /* Build configuration list for PBXNativeTarget "AdImaging_x64" */ = {
			isa = XCConfigurationList;
			buildConfigurations = (
				1DEB916108733D950010E9CD /* Debug */,
				1DEB916208733D950010E9CD /* Release */,
			);
			defaultConfigurationIsVisible = 0;
			defaultConfigurationName = Release;
		};
		1DEB916408733D950010E9CD /* Build configuration list for PBXProject "AdImaging" */ = {
			isa = XCConfigurationList;
			buildConfigurations = (
				1DEB916508733D950010E9CD /* Debug */,
				1DEB916608733D950010E9CD /* Release */,
			);
			defaultConfigurationIsVisible = 0;
			defaultConfigurationName = Release;
		};
/* End XCConfigurationList section */
	};
	rootObject = 0867D690FE84028FC02AAC07 /* Project object */;
}
